{
  "nodes": {
    "bash-strict-mode": {
      "inputs": {
        "flake-utils": [
          "flaky",
          "bash-strict-mode",
          "flaky",
          "flake-utils"
        ],
        "flaky": [
          "flaky"
        ],
        "nixpkgs": [
          "flaky",
          "bash-strict-mode",
          "flaky",
          "nixpkgs"
        ],
        "shellcheck-nix-attributes": "shellcheck-nix-attributes"
      },
      "locked": {
        "lastModified": 1722346313,
        "narHash": "sha256-qxIzt/0BCP9LlVE1Lze/2qlM5eZ8X5hQk4E6ghiBF5w=",
        "owner": "sellout",
        "repo": "bash-strict-mode",
        "rev": "098ffd0f072b3b7b3e84d9c524d18d6c62f64a47",
        "type": "github"
      },
      "original": {
        "owner": "sellout",
        "repo": "bash-strict-mode",
        "type": "github"
      }
    },
    "flake-schemas": {
      "locked": {
        "lastModified": 1701189173,
        "narHash": "sha256-ieQZLjqfvOP+52WeMdkD/x5njEIAqjKuAc/jnmruaoc=",
        "owner": "sellout",
        "repo": "flake-schemas",
        "rev": "68727227a8f349fe0831f6389d9a91064637b70c",
        "type": "github"
      },
      "original": {
        "owner": "sellout",
        "ref": "patch-1",
        "repo": "flake-schemas",
        "type": "github"
      }
    },
    "flake-utils": {
      "inputs": {
        "systems": [
          "flaky",
          "systems"
        ]
      },
      "locked": {
        "lastModified": 1710146030,
        "narHash": "sha256-SZ5L6eA7HJ/nmkzGG7/ISclqe6oZdOZTNoesiInkXPQ=",
        "owner": "numtide",
        "repo": "flake-utils",
        "rev": "b1d9ab70662946ef0850d488da1c9019f3a9752a",
        "type": "github"
      },
      "original": {
        "owner": "numtide",
        "repo": "flake-utils",
        "type": "github"
      }
    },
    "flaky": {
      "inputs": {
        "bash-strict-mode": "bash-strict-mode",
        "flake-utils": "flake-utils",
        "garnix-systems": "garnix-systems",
        "home-manager": "home-manager",
        "nixpkgs": "nixpkgs",
        "project-manager": "project-manager",
        "systems": "systems"
      },
      "locked": {
        "lastModified": 1727247261,
        "narHash": "sha256-J8nCKfPj04uYb11xWY1fKzlXkdXewoAIEBQRtqwCy8g=",
        "owner": "sellout",
        "repo": "flaky",
        "rev": "daccb2cff4d0322b600c106b0ea9f1f9152dcd4f",
        "type": "github"
      },
      "original": {
        "owner": "sellout",
        "repo": "flaky",
        "type": "github"
      }
    },
    "garnix-systems": {
      "locked": {
        "lastModified": 1723225755,
        "narHash": "sha256-y17fVgb4LJheN4VDsHCmZRHrOJwKj8oUPvXk2FqUOnI=",
        "owner": "garnix-io",
        "repo": "nix-systems",
        "rev": "c2466c5c1d3591933b4389868902e2f47a47fadb",
        "type": "github"
      },
      "original": {
        "owner": "garnix-io",
        "repo": "nix-systems",
        "type": "github"
      }
    },
    "home-manager": {
      "inputs": {
        "nixpkgs": [
          "flaky",
          "nixpkgs"
        ]
      },
      "locked": {
        "lastModified": 1720042825,
        "narHash": "sha256-A0vrUB6x82/jvf17qPCpxaM+ulJnD8YZwH9Ci0BsAzE=",
        "owner": "nix-community",
        "repo": "home-manager",
        "rev": "e1391fb22e18a36f57e6999c7a9f966dc80ac073",
        "type": "github"
      },
      "original": {
        "owner": "nix-community",
        "ref": "release-24.05",
        "repo": "home-manager",
        "type": "github"
      }
    },
    "nixpkgs": {
      "locked": {
        "lastModified": 1724013388,
        "narHash": "sha256-vAq+I0IWsIDq5RUc01t25iL46LLxdsmlTJ96A30bMEY=",
        "owner": "NixOS",
        "repo": "nixpkgs",
        "rev": "3f38e71a8e23a27569acbbfee0e83b76c86fa569",
        "type": "github"
      },
      "original": {
        "owner": "NixOS",
        "ref": "release-24.05",
        "repo": "nixpkgs",
        "type": "github"
      }
    },
    "nixpkgs-22_11": {
      "locked": {
        "lastModified": 1688392541,
        "narHash": "sha256-lHrKvEkCPTUO+7tPfjIcb7Trk6k31rz18vkyqmkeJfY=",
        "owner": "NixOS",
        "repo": "nixpkgs",
        "rev": "ea4c80b39be4c09702b0cb3b42eab59e2ba4f24b",
        "type": "github"
      },
      "original": {
        "owner": "NixOS",
        "ref": "release-22.11",
        "repo": "nixpkgs",
        "type": "github"
      }
    },
    "nixpkgs-23_05": {
      "locked": {
        "lastModified": 1705957679,
        "narHash": "sha256-Q8LJaVZGJ9wo33wBafvZSzapYsjOaNjP/pOnSiKVGHY=",
        "owner": "NixOS",
        "repo": "nixpkgs",
        "rev": "9a333eaa80901efe01df07eade2c16d183761fa3",
        "type": "github"
      },
      "original": {
        "owner": "NixOS",
        "ref": "release-23.05",
        "repo": "nixpkgs",
        "type": "github"
      }
    },
    "nixpkgs-23_11": {
      "locked": {
        "lastModified": 1720535198,
        "narHash": "sha256-zwVvxrdIzralnSbcpghA92tWu2DV2lwv89xZc8MTrbg=",
        "owner": "NixOS",
        "repo": "nixpkgs",
        "rev": "205fd4226592cc83fd4c0885a3e4c9c400efabb5",
        "type": "github"
      },
      "original": {
        "owner": "NixOS",
        "ref": "release-23.11",
        "repo": "nixpkgs",
        "type": "github"
      }
    },
    "nixpkgs-unstable": {
      "locked": {
        "lastModified": 1722141560,
        "narHash": "sha256-Ul3rIdesWaiW56PS/Ak3UlJdkwBrD4UcagCmXZR9Z7Y=",
        "owner": "NixOS",
        "repo": "nixpkgs",
        "rev": "038fb464fcfa79b4f08131b07f2d8c9a6bcc4160",
        "type": "github"
      },
      "original": {
        "owner": "NixOS",
        "ref": "nixpkgs-unstable",
        "repo": "nixpkgs",
        "type": "github"
      }
    },
    "project-manager": {
      "inputs": {
        "bash-strict-mode": [
          "flaky",
          "project-manager",
          "flaky",
          "bash-strict-mode"
        ],
        "flake-schemas": "flake-schemas",
        "flake-utils": [
          "flaky",
          "project-manager",
          "flaky",
          "flake-utils"
        ],
        "flaky": [
          "flaky"
        ],
        "nixpkgs": [
          "flaky",
          "project-manager",
          "flaky",
          "nixpkgs"
        ],
        "nixpkgs-22_11": "nixpkgs-22_11",
        "nixpkgs-23_05": "nixpkgs-23_05",
        "nixpkgs-23_11": "nixpkgs-23_11",
        "nixpkgs-unstable": "nixpkgs-unstable",
        "treefmt-nix": "treefmt-nix"
      },
      "locked": {
        "lastModified": 1723360458,
        "narHash": "sha256-l+junhIWTsYvVVFp/0YYfFPmTxODWJ2IoHesIvly4FQ=",
        "owner": "sellout",
        "repo": "project-manager",
        "rev": "342359f930e23ff26a6ccdace93089f4a7fff00c",
        "type": "github"
      },
      "original": {
        "owner": "sellout",
        "repo": "project-manager",
        "type": "github"
      }
    },
    "root": {
      "inputs": {
        "bash-strict-mode": [
          "flaky",
          "bash-strict-mode"
        ],
        "flake-utils": [
          "flaky",
          "flake-utils"
        ],
        "flaky": "flaky",
        "nixpkgs": [
          "flaky",
          "nixpkgs"
        ],
        "systems": [
          "flaky",
          "systems"
        ]
      }
    },
    "shellcheck-nix-attributes": {
      "flake": false,
      "locked": {
        "lastModified": 1586929030,
        "narHash": "sha256-a0WyWaz+nMYFWI43Ip9EUnPuBW0O4EIiTzYZKGqNjss=",
        "owner": "Fuuzetsu",
        "repo": "shellcheck-nix-attributes",
        "rev": "51b49d5fe65ece69eb5e2003396bf096083ec281",
        "type": "github"
      },
      "original": {
        "owner": "Fuuzetsu",
        "repo": "shellcheck-nix-attributes",
        "type": "github"
      }
    },
    "systems": {
      "locked": {
        "lastModified": 1726558681,
        "narHash": "sha256-vta8mxLa5XxpHfb9HCiavFqBrX2xJDvZiKHZOy4kvlA=",
        "owner": "sellout",
        "repo": "nix-systems",
        "rev": "aa9520a9a0f92098d3576c3b4eafcb32c13d6800",
        "type": "github"
      },
      "original": {
        "owner": "sellout",
        "repo": "nix-systems",
        "type": "github"
      }
    },
    "treefmt-nix": {
      "inputs": {
        "nixpkgs": [
          "flaky",
          "project-manager",
          "nixpkgs"
        ]
      },
      "locked": {
        "lastModified": 1722330636,
        "narHash": "sha256-uru7JzOa33YlSRwf9sfXpJG+UAV+bnBEYMjrzKrQZFw=",
        "owner": "numtide",
        "repo": "treefmt-nix",
        "rev": "768acdb06968e53aa1ee8de207fd955335c754b7",
        "type": "github"
      },
      "original": {
        "owner": "numtide",
        "repo": "treefmt-nix",
        "type": "github"
      }
    }
  },
  "root": "root",
  "version": 7
}
